// !$*UTF8*$!
{
	archiveVersion = 1;
	classes = {
	};
	objectVersion = 46;
	objects = {

/* Begin PBXAggregateTarget section */
		783A72E0FCF94E1488700245 /* ZERO_CHECK */ = {
			isa = PBXAggregateTarget;
			buildConfigurationList = 5CE2ABC93B55412092A89552 /* Build configuration list for PBXAggregateTarget "ZERO_CHECK" */;
			buildPhases = (
				EF46E4EC5517E3080B6619EE /* Generate CMakeFiles/ZERO_CHECK */,
			);
			dependencies = (
			);
			name = ZERO_CHECK;
			productName = ZERO_CHECK;
		};
		8D2C420E0A844C168A202D28 /* ALL_BUILD */ = {
			isa = PBXAggregateTarget;
			buildConfigurationList = 0A0051F6F0534694BE4966F7 /* Build configuration list for PBXAggregateTarget "ALL_BUILD" */;
			buildPhases = (
				0E163B419419B5ABA6D66B7C /* Generate CMakeFiles/ALL_BUILD */,
			);
			dependencies = (
				585B671775844E9C94BDEC89 /* PBXTargetDependency */,
				DB3FC41873244289B28C065F /* PBXTargetDependency */,
				A32FDA805AB4459C9050A2DE /* PBXTargetDependency */,
			);
			name = ALL_BUILD;
			productName = ALL_BUILD;
		};
/* End PBXAggregateTarget section */

/* Begin PBXBuildFile section */
		10A6F910145D4F9896254960 /* /Users/noelalben/github/2022-MUSI6106/3rdparty/googletest/googletest/src/gtest_main.cc */ = {isa = PBXBuildFile; fileRef = 20614B6E5B7A4A4EAF789FD4 /* /Users/noelalben/github/2022-MUSI6106/3rdparty/googletest/googletest/src/gtest_main.cc */; };
		3D976BC221684C83B9256167 /* /Users/noelalben/github/2022-MUSI6106/3rdparty/googletest/googletest/src/gtest-all.cc */ = {isa = PBXBuildFile; fileRef = F64C0DAC4BE94D9CA2A5D8CB /* /Users/noelalben/github/2022-MUSI6106/3rdparty/googletest/googletest/src/gtest-all.cc */; };
		7A53A91D65D64A23B4F1C498 /* /Users/noelalben/github/2022-MUSI6106/3rdparty/googletest/googletest/CMakeLists.txt */ = {isa = PBXBuildFile; fileRef = B3BBF2E8A9B740AB9B14EB70 /* /Users/noelalben/github/2022-MUSI6106/3rdparty/googletest/googletest/CMakeLists.txt */; };
		C6CAAFD209994F83B5322587 /* /Users/noelalben/github/2022-MUSI6106/3rdparty/googletest/googletest/CMakeLists.txt */ = {isa = PBXBuildFile; fileRef = A04046157F2549729C46D155 /* /Users/noelalben/github/2022-MUSI6106/3rdparty/googletest/googletest/CMakeLists.txt */; };
/* End PBXBuildFile section */

/* Begin PBXBuildStyle section */
		00F2651631E3409798B5BC47 /* Release */ = {
			isa = PBXBuildStyle;
			buildSettings = {
				COPY_PHASE_STRIP = NO;
			};
			name = Release;
		};
		3D6F4E50569949E8BF9414CD /* RelWithDebInfo */ = {
			isa = PBXBuildStyle;
			buildSettings = {
				COPY_PHASE_STRIP = NO;
			};
			name = RelWithDebInfo;
		};
		3E393DEA42AC4689ABD45B19 /* Debug */ = {
			isa = PBXBuildStyle;
			buildSettings = {
				COPY_PHASE_STRIP = NO;
			};
			name = Debug;
		};
		CC1B0917A6474F7BADCF0257 /* MinSizeRel */ = {
			isa = PBXBuildStyle;
			buildSettings = {
				COPY_PHASE_STRIP = NO;
			};
			name = MinSizeRel;
		};
/* End PBXBuildStyle section */

/* Begin PBXContainerItemProxy section */
		0F4B92B98C084254AE582221 /* PBXContainerItemProxy */ = {
			isa = PBXContainerItemProxy;
			containerPortal = 3F6E615BF3E74F4C92D13502 /* Project object */;
			proxyType = 1;
			remoteGlobalIDString = 783A72E0FCF94E1488700245;
			remoteInfo = ZERO_CHECK;
		};
		1FD838A510E24AA1B79E8E2A /* PBXContainerItemProxy */ = {
			isa = PBXContainerItemProxy;
			containerPortal = 3F6E615BF3E74F4C92D13502 /* Project object */;
			proxyType = 1;
			remoteGlobalIDString = 783A72E0FCF94E1488700245;
			remoteInfo = ZERO_CHECK;
		};
		3ED164712F8742F0943E7FE0 /* PBXContainerItemProxy */ = {
			isa = PBXContainerItemProxy;
			containerPortal = 3F6E615BF3E74F4C92D13502 /* Project object */;
			proxyType = 1;
			remoteGlobalIDString = E160BFCB5285477C9CE71F4C;
			remoteInfo = gtest;
		};
		88FC8A52BDD34A37BC9BE537 /* PBXContainerItemProxy */ = {
			isa = PBXContainerItemProxy;
			containerPortal = 3F6E615BF3E74F4C92D13502 /* Project object */;
			proxyType = 1;
			remoteGlobalIDString = E160BFCB5285477C9CE71F4C;
			remoteInfo = gtest;
		};
		DCE6B75B7BEE41B3911D285B /* PBXContainerItemProxy */ = {
			isa = PBXContainerItemProxy;
			containerPortal = 3F6E615BF3E74F4C92D13502 /* Project object */;
			proxyType = 1;
			remoteGlobalIDString = 783A72E0FCF94E1488700245;
			remoteInfo = ZERO_CHECK;
		};
		E203106E78FB4010801CD793 /* PBXContainerItemProxy */ = {
			isa = PBXContainerItemProxy;
			containerPortal = 3F6E615BF3E74F4C92D13502 /* Project object */;
			proxyType = 1;
			remoteGlobalIDString = B5A0ABCF33B44319B0BEED40;
			remoteInfo = gtest_main;
		};
/* End PBXContainerItemProxy section */

/* Begin PBXFileReference section */
		17F7E6A64EE14CFF983EB8D0 /* gtest */ = {isa = PBXFileReference; explicitFileType = archive.ar; path = libgtestd.a; sourceTree = BUILT_PRODUCTS_DIR; };
		20614B6E5B7A4A4EAF789FD4 /* /Users/noelalben/github/2022-MUSI6106/3rdparty/googletest/googletest/src/gtest_main.cc */ = {isa = PBXFileReference; explicitFileType = sourcecode.cpp.cpp; fileEncoding = 4; name = gtest_main.cc; path = src/gtest_main.cc; sourceTree = SOURCE_ROOT; };
		50BC1053CEEF401A93E2BCDE /* gtest_main */ = {isa = PBXFileReference; explicitFileType = archive.ar; path = libgtest_maind.a; sourceTree = BUILT_PRODUCTS_DIR; };
		A04046157F2549729C46D155 /* /Users/noelalben/github/2022-MUSI6106/3rdparty/googletest/googletest/CMakeLists.txt */ = {isa = PBXFileReference; explicitFileType = sourcecode.text; fileEncoding = 4; name = CMakeLists.txt; path = CMakeLists.txt; sourceTree = SOURCE_ROOT; };
		B3BBF2E8A9B740AB9B14EB70 /* /Users/noelalben/github/2022-MUSI6106/3rdparty/googletest/googletest/CMakeLists.txt */ = {isa = PBXFileReference; explicitFileType = sourcecode.text; fileEncoding = 4; name = CMakeLists.txt; path = CMakeLists.txt; sourceTree = SOURCE_ROOT; };
		F1BB0E5DD1FF49AEA14636E6 /* /Users/noelalben/github/2022-MUSI6106/3rdparty/googletest/googletest/CMakeLists.txt */ = {isa = PBXFileReference; explicitFileType = sourcecode.text; fileEncoding = 4; name = CMakeLists.txt; path = CMakeLists.txt; sourceTree = SOURCE_ROOT; };
		F64C0DAC4BE94D9CA2A5D8CB /* /Users/noelalben/github/2022-MUSI6106/3rdparty/googletest/googletest/src/gtest-all.cc */ = {isa = PBXFileReference; explicitFileType = sourcecode.cpp.cpp; fileEncoding = 4; name = "gtest-all.cc"; path = "src/gtest-all.cc"; sourceTree = SOURCE_ROOT; };
/* End PBXFileReference section */

/* Begin PBXFrameworksBuildPhase section */
		714747F372D54E8D8299C92B /* Frameworks */ = {
			isa = PBXFrameworksBuildPhase;
			buildActionMask = 2147483647;
			files = (
			);
			runOnlyForDeploymentPostprocessing = 0;
		};
		BEF5ABCACBE84095989F8C2C /* Frameworks */ = {
			isa = PBXFrameworksBuildPhase;
			buildActionMask = 2147483647;
			files = (
			);
			runOnlyForDeploymentPostprocessing = 0;
		};
/* End PBXFrameworksBuildPhase section */

/* Begin PBXGroup section */
		2ED934B6FAB84F74BBBBFF59 /* Products */ = {
			isa = PBXGroup;
			children = (
				17F7E6A64EE14CFF983EB8D0 /* gtest */,
				50BC1053CEEF401A93E2BCDE /* gtest_main */,
			);
			name = Products;
			sourceTree = "<group>";
		};
		4E863B3508B141F7919C1073 /* Frameworks */ = {
			isa = PBXGroup;
			children = (
			);
			name = Frameworks;
			sourceTree = "<group>";
		};
		6B238BAAF27544EBB3CC6364 /* gtest */ = {
			isa = PBXGroup;
			children = (
				FA9419ADA1AD4787A7F24A74 /* Source Files */,
				A04046157F2549729C46D155 /* /Users/noelalben/github/2022-MUSI6106/3rdparty/googletest/googletest/CMakeLists.txt */,
			);
			name = gtest;
			sourceTree = "<group>";
		};
		781C10E3B5CE468AA877846D = {
			isa = PBXGroup;
			children = (
				6B238BAAF27544EBB3CC6364 /* gtest */,
				C6717886CE944B7496770B47 /* gtest_main */,
				E8BA7CAB859B4A808FA6DFED /* ALL_BUILD */,
				2ED934B6FAB84F74BBBBFF59 /* Products */,
				4E863B3508B141F7919C1073 /* Frameworks */,
			);
			sourceTree = "<group>";
		};
		9263D4D7F85544639CED9378 /* Source Files */ = {
			isa = PBXGroup;
			children = (
				20614B6E5B7A4A4EAF789FD4 /* /Users/noelalben/github/2022-MUSI6106/3rdparty/googletest/googletest/src/gtest_main.cc */,
			);
			name = "Source Files";
			sourceTree = "<group>";
		};
		9D7F2A1CF4E142B1A4C2E999 /* CMake Rules */ = {
			isa = PBXGroup;
			children = (
			);
			name = "CMake Rules";
			sourceTree = "<group>";
		};
		C6717886CE944B7496770B47 /* gtest_main */ = {
			isa = PBXGroup;
			children = (
				9263D4D7F85544639CED9378 /* Source Files */,
				B3BBF2E8A9B740AB9B14EB70 /* /Users/noelalben/github/2022-MUSI6106/3rdparty/googletest/googletest/CMakeLists.txt */,
			);
			name = gtest_main;
			sourceTree = "<group>";
		};
		E8BA7CAB859B4A808FA6DFED /* ALL_BUILD */ = {
			isa = PBXGroup;
			children = (
				9D7F2A1CF4E142B1A4C2E999 /* CMake Rules */,
				F1BB0E5DD1FF49AEA14636E6 /* /Users/noelalben/github/2022-MUSI6106/3rdparty/googletest/googletest/CMakeLists.txt */,
			);
			name = ALL_BUILD;
			sourceTree = "<group>";
		};
		FA9419ADA1AD4787A7F24A74 /* Source Files */ = {
			isa = PBXGroup;
			children = (
				F64C0DAC4BE94D9CA2A5D8CB /* /Users/noelalben/github/2022-MUSI6106/3rdparty/googletest/googletest/src/gtest-all.cc */,
			);
			name = "Source Files";
			sourceTree = "<group>";
		};
/* End PBXGroup section */

/* Begin PBXNativeTarget section */
		B5A0ABCF33B44319B0BEED40 /* gtest_main */ = {
			isa = PBXNativeTarget;
			buildConfigurationList = FA7AE62A628B4F52AF39B9B8 /* Build configuration list for PBXNativeTarget "gtest_main" */;
			buildPhases = (
				DF8775A4969F471C9D940B75 /* Sources */,
				714747F372D54E8D8299C92B /* Frameworks */,
			);
			buildRules = (
			);
			dependencies = (
				BD6A353ACE2C4A7A85EF23EE /* PBXTargetDependency */,
				4CD37A84092041FAA17C884D /* PBXTargetDependency */,
			);
			name = gtest_main;
			productName = gtest_main;
			productReference = 50BC1053CEEF401A93E2BCDE /* gtest_main */;
			productType = "com.apple.product-type.library.static";
		};
		E160BFCB5285477C9CE71F4C /* gtest */ = {
			isa = PBXNativeTarget;
			buildConfigurationList = 798F6AF6D0FB4FD58675888D /* Build configuration list for PBXNativeTarget "gtest" */;
			buildPhases = (
				860C51A9B10144E8B8E3BB78 /* Sources */,
				BEF5ABCACBE84095989F8C2C /* Frameworks */,
			);
			buildRules = (
			);
			dependencies = (
				0CC4D228BABD40BBBA23DF18 /* PBXTargetDependency */,
			);
			name = gtest;
			productName = gtest;
			productReference = 17F7E6A64EE14CFF983EB8D0 /* gtest */;
			productType = "com.apple.product-type.library.static";
		};
/* End PBXNativeTarget section */

/* Begin PBXProject section */
		3F6E615BF3E74F4C92D13502 /* Project object */ = {
			isa = PBXProject;
			attributes = {
				BuildIndependentTargetsInParallel = YES;
				LastUpgradeCheck = 1320;
			};
			buildConfigurationList = 4C145F6CCD7A413ABF388255 /* Build configuration list for PBXProject "gtest" */;
			buildSettings = {
			};
			buildStyles = (
				3E393DEA42AC4689ABD45B19 /* Debug */,
				00F2651631E3409798B5BC47 /* Release */,
				CC1B0917A6474F7BADCF0257 /* MinSizeRel */,
				3D6F4E50569949E8BF9414CD /* RelWithDebInfo */,
			);
			compatibilityVersion = "Xcode 3.2";
			hasScannedForEncodings = 0;
			mainGroup = 781C10E3B5CE468AA877846D;
			projectDirPath = ../../3rdparty/googletest/googletest;
			projectRoot = "";
			targets = (
				8D2C420E0A844C168A202D28 /* ALL_BUILD */,
				783A72E0FCF94E1488700245 /* ZERO_CHECK */,
				E160BFCB5285477C9CE71F4C /* gtest */,
				B5A0ABCF33B44319B0BEED40 /* gtest_main */,
			);
		};
/* End PBXProject section */

/* Begin PBXShellScriptBuildPhase section */
		0E163B419419B5ABA6D66B7C /* Generate CMakeFiles/ALL_BUILD */ = {
			isa = PBXShellScriptBuildPhase;
			alwaysOutOfDate = 1;
			buildActionMask = 2147483647;
			files = (
			);
			inputPaths = (
			);
			name = "Generate CMakeFiles/ALL_BUILD";
			outputPaths = (
"/Users/noelalben/github/2022-MUSI6106/googletest/googletest/CMakeFiles/ALL_BUILD"			);
			runOnlyForDeploymentPostprocessing = 0;
			shellPath = /bin/sh;
			shellScript = "set -e
if test \"$CONFIGURATION\" = \"Debug\"; then :
  cd /Users/noelalben/github/2022-MUSI6106/googletest/googletest
  echo Build\\ all\\ projects
fi
if test \"$CONFIGURATION\" = \"Release\"; then :
  cd /Users/noelalben/github/2022-MUSI6106/googletest/googletest
  echo Build\\ all\\ projects
fi
if test \"$CONFIGURATION\" = \"MinSizeRel\"; then :
  cd /Users/noelalben/github/2022-MUSI6106/googletest/googletest
  echo Build\\ all\\ projects
fi
if test \"$CONFIGURATION\" = \"RelWithDebInfo\"; then :
  cd /Users/noelalben/github/2022-MUSI6106/googletest/googletest
  echo Build\\ all\\ projects
fi
";
			showEnvVarsInLog = 0;
		};
		3C0110FC8322DE7E50886E21 = {
			isa = PBXShellScriptBuildPhase;
			buildActionMask = 2147483647;
			files = (
			);
			inputPaths = (
			);
			outputPaths = (
			);
			runOnlyForDeploymentPostprocessing = 0;
			shellPath = /bin/sh;
			shellScript = "# shell script goes here
exit 0";
			showEnvVarsInLog = 0;
		};
		9B50530E35CC49C82C2FACCF = {
			isa = PBXShellScriptBuildPhase;
			buildActionMask = 2147483647;
			files = (
			);
			inputPaths = (
			);
			outputPaths = (
			);
			runOnlyForDeploymentPostprocessing = 0;
			shellPath = /bin/sh;
			shellScript = "# shell script goes here
exit 0";
			showEnvVarsInLog = 0;
		};
		EF46E4EC5517E3080B6619EE /* Generate CMakeFiles/ZERO_CHECK */ = {
			isa = PBXShellScriptBuildPhase;
			alwaysOutOfDate = 1;
			buildActionMask = 2147483647;
			files = (
			);
			inputPaths = (
			);
			name = "Generate CMakeFiles/ZERO_CHECK";
			outputPaths = (
"/Users/noelalben/github/2022-MUSI6106/googletest/googletest/CMakeFiles/ZERO_CHECK"			);
			runOnlyForDeploymentPostprocessing = 0;
			shellPath = /bin/sh;
			shellScript = "set -e
if test \"$CONFIGURATION\" = \"Debug\"; then :
  cd /Users/noelalben/github/2022-MUSI6106/googletest/googletest
  make -f /Users/noelalben/github/2022-MUSI6106/googletest/googletest/CMakeScripts/ReRunCMake.make
fi
if test \"$CONFIGURATION\" = \"Release\"; then :
  cd /Users/noelalben/github/2022-MUSI6106/googletest/googletest
  make -f /Users/noelalben/github/2022-MUSI6106/googletest/googletest/CMakeScripts/ReRunCMake.make
fi
if test \"$CONFIGURATION\" = \"MinSizeRel\"; then :
  cd /Users/noelalben/github/2022-MUSI6106/googletest/googletest
  make -f /Users/noelalben/github/2022-MUSI6106/googletest/googletest/CMakeScripts/ReRunCMake.make
fi
if test \"$CONFIGURATION\" = \"RelWithDebInfo\"; then :
  cd /Users/noelalben/github/2022-MUSI6106/googletest/googletest
  make -f /Users/noelalben/github/2022-MUSI6106/googletest/googletest/CMakeScripts/ReRunCMake.make
fi
";
			showEnvVarsInLog = 0;
		};
/* End PBXShellScriptBuildPhase section */

/* Begin PBXSourcesBuildPhase section */
		860C51A9B10144E8B8E3BB78 /* Sources */ = {
			isa = PBXSourcesBuildPhase;
			buildActionMask = 2147483647;
			files = (
				3D976BC221684C83B9256167 /* /Users/noelalben/github/2022-MUSI6106/3rdparty/googletest/googletest/src/gtest-all.cc */,
			);
			runOnlyForDeploymentPostprocessing = 0;
		};
		DF8775A4969F471C9D940B75 /* Sources */ = {
			isa = PBXSourcesBuildPhase;
			buildActionMask = 2147483647;
			files = (
				10A6F910145D4F9896254960 /* /Users/noelalben/github/2022-MUSI6106/3rdparty/googletest/googletest/src/gtest_main.cc */,
			);
			runOnlyForDeploymentPostprocessing = 0;
		};
/* End PBXSourcesBuildPhase section */

/* Begin PBXTargetDependency section */
		0CC4D228BABD40BBBA23DF18 /* PBXTargetDependency */ = {
			isa = PBXTargetDependency;
			target = 783A72E0FCF94E1488700245 /* ZERO_CHECK */;
			targetProxy = 1FD838A510E24AA1B79E8E2A /* PBXContainerItemProxy */;
		};
		4CD37A84092041FAA17C884D /* PBXTargetDependency */ = {
			isa = PBXTargetDependency;
			target = 783A72E0FCF94E1488700245 /* ZERO_CHECK */;
			targetProxy = 0F4B92B98C084254AE582221 /* PBXContainerItemProxy */;
		};
		585B671775844E9C94BDEC89 /* PBXTargetDependency */ = {
			isa = PBXTargetDependency;
			target = E160BFCB5285477C9CE71F4C /* gtest */;
			targetProxy = 88FC8A52BDD34A37BC9BE537 /* PBXContainerItemProxy */;
		};
		A32FDA805AB4459C9050A2DE /* PBXTargetDependency */ = {
			isa = PBXTargetDependency;
			target = 783A72E0FCF94E1488700245 /* ZERO_CHECK */;
			targetProxy = DCE6B75B7BEE41B3911D285B /* PBXContainerItemProxy */;
		};
		BD6A353ACE2C4A7A85EF23EE /* PBXTargetDependency */ = {
			isa = PBXTargetDependency;
			target = E160BFCB5285477C9CE71F4C /* gtest */;
			targetProxy = 3ED164712F8742F0943E7FE0 /* PBXContainerItemProxy */;
		};
		DB3FC41873244289B28C065F /* PBXTargetDependency */ = {
			isa = PBXTargetDependency;
			target = B5A0ABCF33B44319B0BEED40 /* gtest_main */;
			targetProxy = E203106E78FB4010801CD793 /* PBXContainerItemProxy */;
		};
/* End PBXTargetDependency section */

/* Begin XCBuildConfiguration section */
		375AFF0A5EC44D36943A5DB4 /* Release */ = {
			isa = XCBuildConfiguration;
			buildSettings = {
				ARCHS = arm64;
				COMBINE_HIDPI_IMAGES = YES;
				CONFIGURATION_BUILD_DIR = "/Users/noelalben/github/2022-MUSI6106/lib/Release";
				EXECUTABLE_PREFIX = lib;
				EXECUTABLE_SUFFIX = .a;
				GCC_GENERATE_DEBUGGING_SYMBOLS = NO;
				GCC_INLINES_ARE_PRIVATE_EXTERN = NO;
				GCC_OPTIMIZATION_LEVEL = 3;
				GCC_PREPROCESSOR_DEFINITIONS = ("'CMAKE_INTDIR=\"$(CONFIGURATION)$(EFFECTIVE_PLATFORM_NAME)\"'","$(inherited)");
				GCC_SYMBOLS_PRIVATE_EXTERN = NO;
				HEADER_SEARCH_PATHS = ("/Users/noelalben/github/2022-MUSI6106/3rdparty/googletest/googletest/include","/Users/noelalben/github/2022-MUSI6106/3rdparty/googletest/googletest","$(inherited)");
				INSTALL_PATH = "";
				LIBRARY_STYLE = STATIC;
				ONLY_ACTIVE_ARCH = NO;
				OTHER_CPLUSPLUSFLAGS = "    -DNDEBUG  -DGTEST_HAS_PTHREAD=1   '-std=c++11' ";
				OTHER_LIBTOOLFLAGS = ("");
				OTHER_REZFLAGS = "";
				PRODUCT_NAME = gtest;
				SECTORDER_FLAGS = "";
				SYMROOT = "/Users/noelalben/github/2022-MUSI6106/googletest/googletest";
				USE_HEADERMAP = NO;
				WARNING_CFLAGS = ("$(inherited)");
			};
			name = Release;
		};
		37F244686B384B98B0840F25 /* Release */ = {
			isa = XCBuildConfiguration;
			buildSettings = {
				ARCHS = arm64;
				SDKROOT = /Applications/Xcode.app/Contents/Developer/Platforms/MacOSX.platform/Developer/SDKs/MacOSX12.1.sdk;
				SYMROOT = "/Users/noelalben/github/2022-MUSI6106/googletest/googletest/build";
			};
			name = Release;
		};
		3CA554C0D2E74E16B84B0765 /* MinSizeRel */ = {
			isa = XCBuildConfiguration;
			buildSettings = {
				ARCHS = arm64;
				SDKROOT = /Applications/Xcode.app/Contents/Developer/Platforms/MacOSX.platform/Developer/SDKs/MacOSX12.1.sdk;
				SYMROOT = "/Users/noelalben/github/2022-MUSI6106/googletest/googletest/build";
			};
			name = MinSizeRel;
		};
		3EA7B4DCA0B7453A87BD55B6 /* Release */ = {
			isa = XCBuildConfiguration;
			buildSettings = {
				ARCHS = arm64;
				COMBINE_HIDPI_IMAGES = YES;
				GCC_GENERATE_DEBUGGING_SYMBOLS = YES;
				GCC_INLINES_ARE_PRIVATE_EXTERN = NO;
				GCC_OPTIMIZATION_LEVEL = 0;
				GCC_PREPROCESSOR_DEFINITIONS = ("'CMAKE_INTDIR=\"$(CONFIGURATION)$(EFFECTIVE_PLATFORM_NAME)\"'","$(inherited)");
				GCC_SYMBOLS_PRIVATE_EXTERN = NO;
				INSTALL_PATH = "";
				ONLY_ACTIVE_ARCH = NO;
				OTHER_LDFLAGS = ("","$(inherited)");
				OTHER_REZFLAGS = "";
				PRODUCT_NAME = ZERO_CHECK;
				SECTORDER_FLAGS = "";
				SYMROOT = "/Users/noelalben/github/2022-MUSI6106/googletest/googletest";
				USE_HEADERMAP = NO;
				WARNING_CFLAGS = ("$(inherited)");
			};
			name = Release;
		};
		44A0F9F05C0E464481A1FF00 /* MinSizeRel */ = {
			isa = XCBuildConfiguration;
			buildSettings = {
				ARCHS = arm64;
				COMBINE_HIDPI_IMAGES = YES;
				GCC_GENERATE_DEBUGGING_SYMBOLS = YES;
				GCC_INLINES_ARE_PRIVATE_EXTERN = NO;
				GCC_OPTIMIZATION_LEVEL = 0;
				GCC_PREPROCESSOR_DEFINITIONS = ("'CMAKE_INTDIR=\"$(CONFIGURATION)$(EFFECTIVE_PLATFORM_NAME)\"'","$(inherited)");
				GCC_SYMBOLS_PRIVATE_EXTERN = NO;
				INSTALL_PATH = "";
				ONLY_ACTIVE_ARCH = NO;
				OTHER_LDFLAGS = ("","$(inherited)");
				OTHER_REZFLAGS = "";
				PRODUCT_NAME = ZERO_CHECK;
				SECTORDER_FLAGS = "";
				SYMROOT = "/Users/noelalben/github/2022-MUSI6106/googletest/googletest";
				USE_HEADERMAP = NO;
				WARNING_CFLAGS = ("$(inherited)");
			};
			name = MinSizeRel;
		};
		4532A00EFD574F1A923336A9 /* Debug */ = {
			isa = XCBuildConfiguration;
			buildSettings = {
				ARCHS = arm64;
				COMBINE_HIDPI_IMAGES = YES;
				GCC_GENERATE_DEBUGGING_SYMBOLS = YES;
				GCC_INLINES_ARE_PRIVATE_EXTERN = NO;
				GCC_OPTIMIZATION_LEVEL = 0;
				GCC_PREPROCESSOR_DEFINITIONS = ("'CMAKE_INTDIR=\"$(CONFIGURATION)$(EFFECTIVE_PLATFORM_NAME)\"'","$(inherited)");
				GCC_SYMBOLS_PRIVATE_EXTERN = NO;
				INSTALL_PATH = "";
				ONLY_ACTIVE_ARCH = NO;
				OTHER_LDFLAGS = ("","$(inherited)");
				OTHER_REZFLAGS = "";
				PRODUCT_NAME = ALL_BUILD;
				SECTORDER_FLAGS = "";
				SYMROOT = "/Users/noelalben/github/2022-MUSI6106/googletest/googletest";
				USE_HEADERMAP = NO;
				WARNING_CFLAGS = ("$(inherited)");
			};
			name = Debug;
		};
		5135A1C8C94B428EA91A1BDC /* RelWithDebInfo */ = {
			isa = XCBuildConfiguration;
			buildSettings = {
				ARCHS = arm64;
				COMBINE_HIDPI_IMAGES = YES;
				CONFIGURATION_BUILD_DIR = "/Users/noelalben/github/2022-MUSI6106/lib/relwithdebinfo";
				EXECUTABLE_PREFIX = lib;
				EXECUTABLE_SUFFIX = .a;
				GCC_GENERATE_DEBUGGING_SYMBOLS = YES;
				GCC_INLINES_ARE_PRIVATE_EXTERN = NO;
				GCC_OPTIMIZATION_LEVEL = 2;
				GCC_PREPROCESSOR_DEFINITIONS = ("'CMAKE_INTDIR=\"$(CONFIGURATION)$(EFFECTIVE_PLATFORM_NAME)\"'","$(inherited)");
				GCC_SYMBOLS_PRIVATE_EXTERN = NO;
				INSTALL_PATH = "";
				LIBRARY_STYLE = STATIC;
				ONLY_ACTIVE_ARCH = NO;
				OTHER_CPLUSPLUSFLAGS = "       -DNDEBUG  -DGTEST_HAS_PTHREAD=1   '-std=c++11' ";
				OTHER_LIBTOOLFLAGS = ("");
				OTHER_REZFLAGS = "";
				PRODUCT_NAME = gtest_main;
				SECTORDER_FLAGS = "";
				SYMROOT = "/Users/noelalben/github/2022-MUSI6106/googletest/googletest";
				SYSTEM_HEADER_SEARCH_PATHS = ("/Users/noelalben/github/2022-MUSI6106/3rdparty/googletest/googletest/include","/Users/noelalben/github/2022-MUSI6106/3rdparty/googletest/googletest","$(inherited)");
				USE_HEADERMAP = NO;
				WARNING_CFLAGS = ("$(inherited)");
			};
			name = RelWithDebInfo;
		};
		5DCFB001032746F08AD9D0F0 /* MinSizeRel */ = {
			isa = XCBuildConfiguration;
			buildSettings = {
				ARCHS = arm64;
				COMBINE_HIDPI_IMAGES = YES;
				CONFIGURATION_BUILD_DIR = "/Users/noelalben/github/2022-MUSI6106/lib/MinSizeRel";
				EXECUTABLE_PREFIX = lib;
				EXECUTABLE_SUFFIX = .a;
				GCC_GENERATE_DEBUGGING_SYMBOLS = NO;
				GCC_INLINES_ARE_PRIVATE_EXTERN = NO;
				GCC_OPTIMIZATION_LEVEL = s;
				GCC_PREPROCESSOR_DEFINITIONS = ("'CMAKE_INTDIR=\"$(CONFIGURATION)$(EFFECTIVE_PLATFORM_NAME)\"'","$(inherited)");
				GCC_SYMBOLS_PRIVATE_EXTERN = NO;
				INSTALL_PATH = "";
				LIBRARY_STYLE = STATIC;
				ONLY_ACTIVE_ARCH = NO;
				OTHER_CPLUSPLUSFLAGS = "    -DNDEBUG  -DGTEST_HAS_PTHREAD=1   '-std=c++11' ";
				OTHER_LIBTOOLFLAGS = ("");
				OTHER_REZFLAGS = "";
				PRODUCT_NAME = gtest_main;
				SECTORDER_FLAGS = "";
				SYMROOT = "/Users/noelalben/github/2022-MUSI6106/googletest/googletest";
				SYSTEM_HEADER_SEARCH_PATHS = ("/Users/noelalben/github/2022-MUSI6106/3rdparty/googletest/googletest/include","/Users/noelalben/github/2022-MUSI6106/3rdparty/googletest/googletest","$(inherited)");
				USE_HEADERMAP = NO;
				WARNING_CFLAGS = ("$(inherited)");
			};
			name = MinSizeRel;
		};
		6ACA454A3868491293D3C4C2 /* Debug */ = {
			isa = XCBuildConfiguration;
			buildSettings = {
				ARCHS = arm64;
				COMBINE_HIDPI_IMAGES = YES;
				CONFIGURATION_BUILD_DIR = "/Users/noelalben/github/2022-MUSI6106/lib/Debug";
				EXECUTABLE_PREFIX = lib;
				EXECUTABLE_SUFFIX = .a;
				GCC_GENERATE_DEBUGGING_SYMBOLS = YES;
				GCC_INLINES_ARE_PRIVATE_EXTERN = NO;
				GCC_OPTIMIZATION_LEVEL = 0;
				GCC_PREPROCESSOR_DEFINITIONS = ("'CMAKE_INTDIR=\"$(CONFIGURATION)$(EFFECTIVE_PLATFORM_NAME)\"'","$(inherited)");
				GCC_SYMBOLS_PRIVATE_EXTERN = NO;
				INSTALL_PATH = "";
				LIBRARY_STYLE = STATIC;
				ONLY_ACTIVE_ARCH = NO;
				OTHER_CPLUSPLUSFLAGS = "    -DGTEST_HAS_PTHREAD=1   '-std=c++11' ";
				OTHER_LIBTOOLFLAGS = ("");
				OTHER_REZFLAGS = "";
				PRODUCT_NAME = gtest_maind;
				SECTORDER_FLAGS = "";
				SYMROOT = "/Users/noelalben/github/2022-MUSI6106/googletest/googletest";
				SYSTEM_HEADER_SEARCH_PATHS = ("/Users/noelalben/github/2022-MUSI6106/3rdparty/googletest/googletest/include","/Users/noelalben/github/2022-MUSI6106/3rdparty/googletest/googletest","$(inherited)");
				USE_HEADERMAP = NO;
				WARNING_CFLAGS = ("$(inherited)");
			};
			name = Debug;
		};
		7AE6FAEC96DD4254BD4869DE /* RelWithDebInfo */ = {
			isa = XCBuildConfiguration;
			buildSettings = {
				ARCHS = arm64;
				COMBINE_HIDPI_IMAGES = YES;
				GCC_GENERATE_DEBUGGING_SYMBOLS = YES;
				GCC_INLINES_ARE_PRIVATE_EXTERN = NO;
				GCC_OPTIMIZATION_LEVEL = 0;
				GCC_PREPROCESSOR_DEFINITIONS = ("'CMAKE_INTDIR=\"$(CONFIGURATION)$(EFFECTIVE_PLATFORM_NAME)\"'","$(inherited)");
				GCC_SYMBOLS_PRIVATE_EXTERN = NO;
				INSTALL_PATH = "";
				ONLY_ACTIVE_ARCH = NO;
				OTHER_LDFLAGS = ("","$(inherited)");
				OTHER_REZFLAGS = "";
				PRODUCT_NAME = ALL_BUILD;
				SECTORDER_FLAGS = "";
				SYMROOT = "/Users/noelalben/github/2022-MUSI6106/googletest/googletest";
				USE_HEADERMAP = NO;
				WARNING_CFLAGS = ("$(inherited)");
			};
			name = RelWithDebInfo;
		};
		8090AE95DFC041E2ABCB7BC5 /* Release */ = {
			isa = XCBuildConfiguration;
			buildSettings = {
				ARCHS = arm64;
				COMBINE_HIDPI_IMAGES = YES;
				CONFIGURATION_BUILD_DIR = "/Users/noelalben/github/2022-MUSI6106/lib/Release";
				EXECUTABLE_PREFIX = lib;
				EXECUTABLE_SUFFIX = .a;
				GCC_GENERATE_DEBUGGING_SYMBOLS = NO;
				GCC_INLINES_ARE_PRIVATE_EXTERN = NO;
				GCC_OPTIMIZATION_LEVEL = 3;
				GCC_PREPROCESSOR_DEFINITIONS = ("'CMAKE_INTDIR=\"$(CONFIGURATION)$(EFFECTIVE_PLATFORM_NAME)\"'","$(inherited)");
				GCC_SYMBOLS_PRIVATE_EXTERN = NO;
				INSTALL_PATH = "";
				LIBRARY_STYLE = STATIC;
				ONLY_ACTIVE_ARCH = NO;
				OTHER_CPLUSPLUSFLAGS = "    -DNDEBUG  -DGTEST_HAS_PTHREAD=1   '-std=c++11' ";
				OTHER_LIBTOOLFLAGS = ("");
				OTHER_REZFLAGS = "";
				PRODUCT_NAME = gtest_main;
				SECTORDER_FLAGS = "";
				SYMROOT = "/Users/noelalben/github/2022-MUSI6106/googletest/googletest";
				SYSTEM_HEADER_SEARCH_PATHS = ("/Users/noelalben/github/2022-MUSI6106/3rdparty/googletest/googletest/include","/Users/noelalben/github/2022-MUSI6106/3rdparty/googletest/googletest","$(inherited)");
				USE_HEADERMAP = NO;
				WARNING_CFLAGS = ("$(inherited)");
			};
			name = Release;
		};
		85C661E295144218A70734C2 /* RelWithDebInfo */ = {
			isa = XCBuildConfiguration;
			buildSettings = {
				ARCHS = arm64;
				COMBINE_HIDPI_IMAGES = YES;
				CONFIGURATION_BUILD_DIR = "/Users/noelalben/github/2022-MUSI6106/lib/relwithdebinfo";
				EXECUTABLE_PREFIX = lib;
				EXECUTABLE_SUFFIX = .a;
				GCC_GENERATE_DEBUGGING_SYMBOLS = YES;
				GCC_INLINES_ARE_PRIVATE_EXTERN = NO;
				GCC_OPTIMIZATION_LEVEL = 2;
				GCC_PREPROCESSOR_DEFINITIONS = ("'CMAKE_INTDIR=\"$(CONFIGURATION)$(EFFECTIVE_PLATFORM_NAME)\"'","$(inherited)");
				GCC_SYMBOLS_PRIVATE_EXTERN = NO;
				HEADER_SEARCH_PATHS = ("/Users/noelalben/github/2022-MUSI6106/3rdparty/googletest/googletest/include","/Users/noelalben/github/2022-MUSI6106/3rdparty/googletest/googletest","$(inherited)");
				INSTALL_PATH = "";
				LIBRARY_STYLE = STATIC;
				ONLY_ACTIVE_ARCH = NO;
				OTHER_CPLUSPLUSFLAGS = "       -DNDEBUG  -DGTEST_HAS_PTHREAD=1   '-std=c++11' ";
				OTHER_LIBTOOLFLAGS = ("");
				OTHER_REZFLAGS = "";
				PRODUCT_NAME = gtest;
				SECTORDER_FLAGS = "";
				SYMROOT = "/Users/noelalben/github/2022-MUSI6106/googletest/googletest";
				USE_HEADERMAP = NO;
				WARNING_CFLAGS = ("$(inherited)");
			};
			name = RelWithDebInfo;
		};
		8A8483CF6BB444A6BD4BEAED /* MinSizeRel */ = {
			isa = XCBuildConfiguration;
			buildSettings = {
				ARCHS = arm64;
				COMBINE_HIDPI_IMAGES = YES;
				CONFIGURATION_BUILD_DIR = "/Users/noelalben/github/2022-MUSI6106/lib/MinSizeRel";
				EXECUTABLE_PREFIX = lib;
				EXECUTABLE_SUFFIX = .a;
				GCC_GENERATE_DEBUGGING_SYMBOLS = NO;
				GCC_INLINES_ARE_PRIVATE_EXTERN = NO;
				GCC_OPTIMIZATION_LEVEL = s;
				GCC_PREPROCESSOR_DEFINITIONS = ("'CMAKE_INTDIR=\"$(CONFIGURATION)$(EFFECTIVE_PLATFORM_NAME)\"'","$(inherited)");
				GCC_SYMBOLS_PRIVATE_EXTERN = NO;
				HEADER_SEARCH_PATHS = ("/Users/noelalben/github/2022-MUSI6106/3rdparty/googletest/googletest/include","/Users/noelalben/github/2022-MUSI6106/3rdparty/googletest/googletest","$(inherited)");
				INSTALL_PATH = "";
				LIBRARY_STYLE = STATIC;
				ONLY_ACTIVE_ARCH = NO;
				OTHER_CPLUSPLUSFLAGS = "    -DNDEBUG  -DGTEST_HAS_PTHREAD=1   '-std=c++11' ";
				OTHER_LIBTOOLFLAGS = ("");
				OTHER_REZFLAGS = "";
				PRODUCT_NAME = gtest;
				SECTORDER_FLAGS = "";
				SYMROOT = "/Users/noelalben/github/2022-MUSI6106/googletest/googletest";
				USE_HEADERMAP = NO;
				WARNING_CFLAGS = ("$(inherited)");
			};
			name = MinSizeRel;
		};
		92DE71C42B744110BDBBA47C /* RelWithDebInfo */ = {
			isa = XCBuildConfiguration;
			buildSettings = {
				ARCHS = arm64;
				SDKROOT = /Applications/Xcode.app/Contents/Developer/Platforms/MacOSX.platform/Developer/SDKs/MacOSX12.1.sdk;
				SYMROOT = "/Users/noelalben/github/2022-MUSI6106/googletest/googletest/build";
			};
			name = RelWithDebInfo;
		};
		9B290816982C426FB805C4B1 /* Debug */ = {
			isa = XCBuildConfiguration;
			buildSettings = {
				ARCHS = arm64;
				COMBINE_HIDPI_IMAGES = YES;
				CONFIGURATION_BUILD_DIR = "/Users/noelalben/github/2022-MUSI6106/lib/Debug";
				EXECUTABLE_PREFIX = lib;
				EXECUTABLE_SUFFIX = .a;
				GCC_GENERATE_DEBUGGING_SYMBOLS = YES;
				GCC_INLINES_ARE_PRIVATE_EXTERN = NO;
				GCC_OPTIMIZATION_LEVEL = 0;
				GCC_PREPROCESSOR_DEFINITIONS = ("'CMAKE_INTDIR=\"$(CONFIGURATION)$(EFFECTIVE_PLATFORM_NAME)\"'","$(inherited)");
				GCC_SYMBOLS_PRIVATE_EXTERN = NO;
				HEADER_SEARCH_PATHS = ("/Users/noelalben/github/2022-MUSI6106/3rdparty/googletest/googletest/include","/Users/noelalben/github/2022-MUSI6106/3rdparty/googletest/googletest","$(inherited)");
				INSTALL_PATH = "";
				LIBRARY_STYLE = STATIC;
				ONLY_ACTIVE_ARCH = NO;
				OTHER_CPLUSPLUSFLAGS = "    -DGTEST_HAS_PTHREAD=1   '-std=c++11' ";
				OTHER_LIBTOOLFLAGS = ("");
				OTHER_REZFLAGS = "";
				PRODUCT_NAME = gtestd;
				SECTORDER_FLAGS = "";
				SYMROOT = "/Users/noelalben/github/2022-MUSI6106/googletest/googletest";
				USE_HEADERMAP = NO;
				WARNING_CFLAGS = ("$(inherited)");
			};
			name = Debug;
		};
		BD05514FB38E41D2A6819A49 /* Debug */ = {
			isa = XCBuildConfiguration;
			buildSettings = {
				ARCHS = arm64;
				SDKROOT = /Applications/Xcode.app/Contents/Developer/Platforms/MacOSX.platform/Developer/SDKs/MacOSX12.1.sdk;
				SYMROOT = "/Users/noelalben/github/2022-MUSI6106/googletest/googletest/build";
			};
			name = Debug;
		};
		C8D7419C314748F8A1D32774 /* RelWithDebInfo */ = {
			isa = XCBuildConfiguration;
			buildSettings = {
				ARCHS = arm64;
				COMBINE_HIDPI_IMAGES = YES;
				GCC_GENERATE_DEBUGGING_SYMBOLS = YES;
				GCC_INLINES_ARE_PRIVATE_EXTERN = NO;
				GCC_OPTIMIZATION_LEVEL = 0;
				GCC_PREPROCESSOR_DEFINITIONS = ("'CMAKE_INTDIR=\"$(CONFIGURATION)$(EFFECTIVE_PLATFORM_NAME)\"'","$(inherited)");
				GCC_SYMBOLS_PRIVATE_EXTERN = NO;
				INSTALL_PATH = "";
				ONLY_ACTIVE_ARCH = NO;
				OTHER_LDFLAGS = ("","$(inherited)");
				OTHER_REZFLAGS = "";
				PRODUCT_NAME = ZERO_CHECK;
				SECTORDER_FLAGS = "";
				SYMROOT = "/Users/noelalben/github/2022-MUSI6106/googletest/googletest";
				USE_HEADERMAP = NO;
				WARNING_CFLAGS = ("$(inherited)");
			};
			name = RelWithDebInfo;
		};
		D37623F353C248FB9E91D9EF /* Release */ = {
			isa = XCBuildConfiguration;
			buildSettings = {
				ARCHS = arm64;
				COMBINE_HIDPI_IMAGES = YES;
				GCC_GENERATE_DEBUGGING_SYMBOLS = YES;
				GCC_INLINES_ARE_PRIVATE_EXTERN = NO;
				GCC_OPTIMIZATION_LEVEL = 0;
				GCC_PREPROCESSOR_DEFINITIONS = ("'CMAKE_INTDIR=\"$(CONFIGURATION)$(EFFECTIVE_PLATFORM_NAME)\"'","$(inherited)");
				GCC_SYMBOLS_PRIVATE_EXTERN = NO;
				INSTALL_PATH = "";
				ONLY_ACTIVE_ARCH = NO;
				OTHER_LDFLAGS = ("","$(inherited)");
				OTHER_REZFLAGS = "";
				PRODUCT_NAME = ALL_BUILD;
				SECTORDER_FLAGS = "";
				SYMROOT = "/Users/noelalben/github/2022-MUSI6106/googletest/googletest";
				USE_HEADERMAP = NO;
				WARNING_CFLAGS = ("$(inherited)");
			};
			name = Release;
		};
		DA7284F01AED4FADAA097202 /* MinSizeRel */ = {
			isa = XCBuildConfiguration;
			buildSettings = {
				ARCHS = arm64;
				COMBINE_HIDPI_IMAGES = YES;
				GCC_GENERATE_DEBUGGING_SYMBOLS = YES;
				GCC_INLINES_ARE_PRIVATE_EXTERN = NO;
				GCC_OPTIMIZATION_LEVEL = 0;
				GCC_PREPROCESSOR_DEFINITIONS = ("'CMAKE_INTDIR=\"$(CONFIGURATION)$(EFFECTIVE_PLATFORM_NAME)\"'","$(inherited)");
				GCC_SYMBOLS_PRIVATE_EXTERN = NO;
				INSTALL_PATH = "";
				ONLY_ACTIVE_ARCH = NO;
				OTHER_LDFLAGS = ("","$(inherited)");
				OTHER_REZFLAGS = "";
				PRODUCT_NAME = ALL_BUILD;
				SECTORDER_FLAGS = "";
				SYMROOT = "/Users/noelalben/github/2022-MUSI6106/googletest/googletest";
				USE_HEADERMAP = NO;
				WARNING_CFLAGS = ("$(inherited)");
			};
			name = MinSizeRel;
		};
		DB00910B093F4658B5C33B2A /* Debug */ = {
			isa = XCBuildConfiguration;
			buildSettings = {
				ARCHS = arm64;
				COMBINE_HIDPI_IMAGES = YES;
				GCC_GENERATE_DEBUGGING_SYMBOLS = YES;
				GCC_INLINES_ARE_PRIVATE_EXTERN = NO;
				GCC_OPTIMIZATION_LEVEL = 0;
				GCC_PREPROCESSOR_DEFINITIONS = ("'CMAKE_INTDIR=\"$(CONFIGURATION)$(EFFECTIVE_PLATFORM_NAME)\"'","$(inherited)");
				GCC_SYMBOLS_PRIVATE_EXTERN = NO;
				INSTALL_PATH = "";
				ONLY_ACTIVE_ARCH = NO;
				OTHER_LDFLAGS = ("","$(inherited)");
				OTHER_REZFLAGS = "";
				PRODUCT_NAME = ZERO_CHECK;
				SECTORDER_FLAGS = "";
				SYMROOT = "/Users/noelalben/github/2022-MUSI6106/googletest/googletest";
				USE_HEADERMAP = NO;
				WARNING_CFLAGS = ("$(inherited)");
			};
			name = Debug;
		};
/* End XCBuildConfiguration section */

/* Begin XCConfigurationList section */
		0A0051F6F0534694BE4966F7 /* Build configuration list for PBXAggregateTarget "ALL_BUILD" */ = {
			isa = XCConfigurationList;
			buildConfigurations = (
				4532A00EFD574F1A923336A9 /* Debug */,
				D37623F353C248FB9E91D9EF /* Release */,
				DA7284F01AED4FADAA097202 /* MinSizeRel */,
				7AE6FAEC96DD4254BD4869DE /* RelWithDebInfo */,
			);
			defaultConfigurationIsVisible = 0;
			defaultConfigurationName = Debug;
		};
		4C145F6CCD7A413ABF388255 /* Build configuration list for PBXProject "gtest" */ = {
			isa = XCConfigurationList;
			buildConfigurations = (
				BD05514FB38E41D2A6819A49 /* Debug */,
				37F244686B384B98B0840F25 /* Release */,
				3CA554C0D2E74E16B84B0765 /* MinSizeRel */,
				92DE71C42B744110BDBBA47C /* RelWithDebInfo */,
			);
			defaultConfigurationIsVisible = 0;
			defaultConfigurationName = Debug;
		};
		5CE2ABC93B55412092A89552 /* Build configuration list for PBXAggregateTarget "ZERO_CHECK" */ = {
			isa = XCConfigurationList;
			buildConfigurations = (
				DB00910B093F4658B5C33B2A /* Debug */,
				3EA7B4DCA0B7453A87BD55B6 /* Release */,
				44A0F9F05C0E464481A1FF00 /* MinSizeRel */,
				C8D7419C314748F8A1D32774 /* RelWithDebInfo */,
			);
			defaultConfigurationIsVisible = 0;
			defaultConfigurationName = Debug;
		};
		798F6AF6D0FB4FD58675888D /* Build configuration list for PBXNativeTarget "gtest" */ = {
			isa = XCConfigurationList;
			buildConfigurations = (
				9B290816982C426FB805C4B1 /* Debug */,
				375AFF0A5EC44D36943A5DB4 /* Release */,
				8A8483CF6BB444A6BD4BEAED /* MinSizeRel */,
				85C661E295144218A70734C2 /* RelWithDebInfo */,
			);
			defaultConfigurationIsVisible = 0;
			defaultConfigurationName = Debug;
		};
		FA7AE62A628B4F52AF39B9B8 /* Build configuration list for PBXNativeTarget "gtest_main" */ = {
			isa = XCConfigurationList;
			buildConfigurations = (
				6ACA454A3868491293D3C4C2 /* Debug */,
				8090AE95DFC041E2ABCB7BC5 /* Release */,
				5DCFB001032746F08AD9D0F0 /* MinSizeRel */,
				5135A1C8C94B428EA91A1BDC /* RelWithDebInfo */,
			);
			defaultConfigurationIsVisible = 0;
			defaultConfigurationName = Debug;
		};
/* End XCConfigurationList section */
	};
	rootObject = 3F6E615BF3E74F4C92D13502 /* Project object */;
}
